// !$*UTF8*$!
{
	archiveVersion = 1;
	classes = {
	};
	objectVersion = 77;
	objects = {

/* Begin PBXContainerItemProxy section */
		953EA10C2CCBF24600FD3498 /* PBXContainerItemProxy */ = {
			isa = PBXContainerItemProxy;
			containerPortal = 953EA0ED2CCBF24400FD3498 /* Project object */;
			proxyType = 1;
			remoteGlobalIDString = 953EA0F42CCBF24400FD3498;
			remoteInfo = themoviedb;
		};
		953EA1162CCBF24600FD3498 /* PBXContainerItemProxy */ = {
			isa = PBXContainerItemProxy;
			containerPortal = 953EA0ED2CCBF24400FD3498 /* Project object */;
			proxyType = 1;
			remoteGlobalIDString = 953EA0F42CCBF24400FD3498;
			remoteInfo = themoviedb;
		};
/* End PBXContainerItemProxy section */

/* Begin PBXFileReference section */
		953EA0F52CCBF24400FD3498 /* themoviedb.app */ = {isa = PBXFileReference; explicitFileType = wrapper.application; includeInIndex = 0; path = themoviedb.app; sourceTree = BUILT_PRODUCTS_DIR; };
		953EA10B2CCBF24600FD3498 /* themoviedbTests.xctest */ = {isa = PBXFileReference; explicitFileType = wrapper.cfbundle; includeInIndex = 0; path = themoviedbTests.xctest; sourceTree = BUILT_PRODUCTS_DIR; };
		953EA1152CCBF24600FD3498 /* themoviedbUITests.xctest */ = {isa = PBXFileReference; explicitFileType = wrapper.cfbundle; includeInIndex = 0; path = themoviedbUITests.xctest; sourceTree = BUILT_PRODUCTS_DIR; };
/* End PBXFileReference section */

/* Begin PBXFileSystemSynchronizedBuildFileExceptionSet section */
		953EA11D2CCBF24600FD3498 /* Exceptions for "themoviedb" folder in "themoviedb" target */ = {
			isa = PBXFileSystemSynchronizedBuildFileExceptionSet;
			membershipExceptions = (
				Info.plist,
			);
			target = 953EA0F42CCBF24400FD3498 /* themoviedb */;
		};
/* End PBXFileSystemSynchronizedBuildFileExceptionSet section */

/* Begin PBXFileSystemSynchronizedRootGroup section */
		953EA0F72CCBF24400FD3498 /* themoviedb */ = {
			isa = PBXFileSystemSynchronizedRootGroup;
			exceptions = (
				953EA11D2CCBF24600FD3498 /* Exceptions for "themoviedb" folder in "themoviedb" target */,
			);
			path = themoviedb;
			sourceTree = "<group>";
		};
		953EA10E2CCBF24600FD3498 /* themoviedbTests */ = {
			isa = PBXFileSystemSynchronizedRootGroup;
			path = themoviedbTests;
			sourceTree = "<group>";
		};
		953EA1182CCBF24600FD3498 /* themoviedbUITests */ = {
			isa = PBXFileSystemSynchronizedRootGroup;
			path = themoviedbUITests;
			sourceTree = "<group>";
		};
/* End PBXFileSystemSynchronizedRootGroup section */

/* Begin PBXFrameworksBuildPhase section */
		953EA0F22CCBF24400FD3498 /* Frameworks */ = {
			isa = PBXFrameworksBuildPhase;
			buildActionMask = 2147483647;
			files = (
			);
			runOnlyForDeploymentPostprocessing = 0;
		};
		953EA1082CCBF24600FD3498 /* Frameworks */ = {
			isa = PBXFrameworksBuildPhase;
			buildActionMask = 2147483647;
			files = (
			);
			runOnlyForDeploymentPostprocessing = 0;
		};
		953EA1122CCBF24600FD3498 /* Frameworks */ = {
			isa = PBXFrameworksBuildPhase;
			buildActionMask = 2147483647;
			files = (
			);
			runOnlyForDeploymentPostprocessing = 0;
		};
/* End PBXFrameworksBuildPhase section */

/* Begin PBXGroup section */
		953EA0EC2CCBF24400FD3498 = {
			isa = PBXGroup;
			children = (
				953EA0F72CCBF24400FD3498 /* themoviedb */,
				953EA10E2CCBF24600FD3498 /* themoviedbTests */,
				953EA1182CCBF24600FD3498 /* themoviedbUITests */,
				953EA0F62CCBF24400FD3498 /* Products */,
			);
			sourceTree = "<group>";
		};
		953EA0F62CCBF24400FD3498 /* Products */ = {
			isa = PBXGroup;
			children = (
				953EA0F52CCBF24400FD3498 /* themoviedb.app */,
				953EA10B2CCBF24600FD3498 /* themoviedbTests.xctest */,
				953EA1152CCBF24600FD3498 /* themoviedbUITests.xctest */,
			);
			name = Products;
			sourceTree = "<group>";
		};
/* End PBXGroup section */

/* Begin PBXNativeTarget section */
		953EA0F42CCBF24400FD3498 /* themoviedb */ = {
			isa = PBXNativeTarget;
			buildConfigurationList = 953EA11E2CCBF24600FD3498 /* Build configuration list for PBXNativeTarget "themoviedb" */;
			buildPhases = (
				953EA0F12CCBF24400FD3498 /* Sources */,
				953EA0F22CCBF24400FD3498 /* Frameworks */,
				953EA0F32CCBF24400FD3498 /* Resources */,
			);
			buildRules = (
			);
			dependencies = (
			);
			fileSystemSynchronizedGroups = (
				953EA0F72CCBF24400FD3498 /* themoviedb */,
			);
			name = themoviedb;
			packageProductDependencies = (
			);
			productName = themoviedb;
			productReference = 953EA0F52CCBF24400FD3498 /* themoviedb.app */;
			productType = "com.apple.product-type.application";
		};
		953EA10A2CCBF24600FD3498 /* themoviedbTests */ = {
			isa = PBXNativeTarget;
			buildConfigurationList = 953EA1232CCBF24600FD3498 /* Build configuration list for PBXNativeTarget "themoviedbTests" */;
			buildPhases = (
				953EA1072CCBF24600FD3498 /* Sources */,
				953EA1082CCBF24600FD3498 /* Frameworks */,
				953EA1092CCBF24600FD3498 /* Resources */,
			);
			buildRules = (
			);
			dependencies = (
				953EA10D2CCBF24600FD3498 /* PBXTargetDependency */,
			);
			fileSystemSynchronizedGroups = (
				953EA10E2CCBF24600FD3498 /* themoviedbTests */,
			);
			name = themoviedbTests;
			packageProductDependencies = (
			);
			productName = themoviedbTests;
			productReference = 953EA10B2CCBF24600FD3498 /* themoviedbTests.xctest */;
			productType = "com.apple.product-type.bundle.unit-test";
		};
		953EA1142CCBF24600FD3498 /* themoviedbUITests */ = {
			isa = PBXNativeTarget;
			buildConfigurationList = 953EA1262CCBF24600FD3498 /* Build configuration list for PBXNativeTarget "themoviedbUITests" */;
			buildPhases = (
				953EA1112CCBF24600FD3498 /* Sources */,
				953EA1122CCBF24600FD3498 /* Frameworks */,
				953EA1132CCBF24600FD3498 /* Resources */,
			);
			buildRules = (
			);
			dependencies = (
				953EA1172CCBF24600FD3498 /* PBXTargetDependency */,
			);
			fileSystemSynchronizedGroups = (
				953EA1182CCBF24600FD3498 /* themoviedbUITests */,
			);
			name = themoviedbUITests;
			packageProductDependencies = (
			);
			productName = themoviedbUITests;
			productReference = 953EA1152CCBF24600FD3498 /* themoviedbUITests.xctest */;
			productType = "com.apple.product-type.bundle.ui-testing";
		};
/* End PBXNativeTarget section */

/* Begin PBXProject section */
		953EA0ED2CCBF24400FD3498 /* Project object */ = {
			isa = PBXProject;
			attributes = {
				BuildIndependentTargetsInParallel = 1;
				LastSwiftUpdateCheck = 1600;
				LastUpgradeCheck = 1600;
				TargetAttributes = {
					953EA0F42CCBF24400FD3498 = {
						CreatedOnToolsVersion = 16.0;
					};
					953EA10A2CCBF24600FD3498 = {
						CreatedOnToolsVersion = 16.0;
						TestTargetID = 953EA0F42CCBF24400FD3498;
					};
					953EA1142CCBF24600FD3498 = {
						CreatedOnToolsVersion = 16.0;
						TestTargetID = 953EA0F42CCBF24400FD3498;
					};
				};
			};
			buildConfigurationList = 953EA0F02CCBF24400FD3498 /* Build configuration list for PBXProject "themoviedb" */;
			developmentRegion = en;
			hasScannedForEncodings = 0;
			knownRegions = (
				en,
				Base,
			);
			mainGroup = 953EA0EC2CCBF24400FD3498;
			minimizedProjectReferenceProxies = 1;
			preferredProjectObjectVersion = 77;
			productRefGroup = 953EA0F62CCBF24400FD3498 /* Products */;
			projectDirPath = "";
			projectRoot = "";
			targets = (
				953EA0F42CCBF24400FD3498 /* themoviedb */,
				953EA10A2CCBF24600FD3498 /* themoviedbTests */,
				953EA1142CCBF24600FD3498 /* themoviedbUITests */,
			);
		};
/* End PBXProject section */

/* Begin PBXResourcesBuildPhase section */
		953EA0F32CCBF24400FD3498 /* Resources */ = {
			isa = PBXResourcesBuildPhase;
			buildActionMask = 2147483647;
			files = (
			);
			runOnlyForDeploymentPostprocessing = 0;
		};
		953EA1092CCBF24600FD3498 /* Resources */ = {
			isa = PBXResourcesBuildPhase;
			buildActionMask = 2147483647;
			files = (
			);
			runOnlyForDeploymentPostprocessing = 0;
		};
		953EA1132CCBF24600FD3498 /* Resources */ = {
			isa = PBXResourcesBuildPhase;
			buildActionMask = 2147483647;
			files = (
			);
			runOnlyForDeploymentPostprocessing = 0;
		};
/* End PBXResourcesBuildPhase section */

/* Begin PBXSourcesBuildPhase section */
		953EA0F12CCBF24400FD3498 /* Sources */ = {
			isa = PBXSourcesBuildPhase;
			buildActionMask = 2147483647;
			files = (
			);
			runOnlyForDeploymentPostprocessing = 0;
		};
		953EA1072CCBF24600FD3498 /* Sources */ = {
			isa = PBXSourcesBuildPhase;
			buildActionMask = 2147483647;
			files = (
			);
			runOnlyForDeploymentPostprocessing = 0;
		};
		953EA1112CCBF24600FD3498 /* Sources */ = {
			isa = PBXSourcesBuildPhase;
			buildActionMask = 2147483647;
			files = (
			);
			runOnlyForDeploymentPostprocessing = 0;
		};
/* End PBXSourcesBuildPhase section */

/* Begin PBXTargetDependency section */
		953EA10D2CCBF24600FD3498 /* PBXTargetDependency */ = {
			isa = PBXTargetDependency;
			target = 953EA0F42CCBF24400FD3498 /* themoviedb */;
			targetProxy = 953EA10C2CCBF24600FD3498 /* PBXContainerItemProxy */;
		};
		953EA1172CCBF24600FD3498 /* PBXTargetDependency */ = {
			isa = PBXTargetDependency;
			target = 953EA0F42CCBF24400FD3498 /* themoviedb */;
			targetProxy = 953EA1162CCBF24600FD3498 /* PBXContainerItemProxy */;
		};
/* End PBXTargetDependency section */

/* Begin XCBuildConfiguration section */
		953EA11F2CCBF24600FD3498 /* Debug */ = {
			isa = XCBuildConfiguration;
			buildSettings = {
				ASSETCATALOG_COMPILER_APPICON_NAME = AppIcon;
				ASSETCATALOG_COMPILER_GLOBAL_ACCENT_COLOR_NAME = AccentColor;
				CODE_SIGN_STYLE = Automatic;
				CURRENT_PROJECT_VERSION = 1;
				GENERATE_INFOPLIST_FILE = YES;
				INFOPLIST_FILE = themoviedb/Info.plist;
				INFOPLIST_KEY_UIApplicationSupportsIndirectInputEvents = YES;
				INFOPLIST_KEY_UILaunchStoryboardName = LaunchScreen;
				INFOPLIST_KEY_UIMainStoryboardFile = Main;
				INFOPLIST_KEY_UISupportedInterfaceOrientations_iPad = "UIInterfaceOrientationPortrait UIInterfaceOrientationPortraitUpsideDown UIInterfaceOrientationLandscapeLeft UIInterfaceOrientationLandscapeRight";
				INFOPLIST_KEY_UISupportedInterfaceOrientations_iPhone = "UIInterfaceOrientationPortrait UIInterfaceOrientationLandscapeLeft UIInterfaceOrientationLandscapeRight";
				LD_RUNPATH_SEARCH_PATHS = (
					"$(inherited)",
					"@executable_path/Frameworks",
				);
				MARKETING_VERSION = 1.0;
				PRODUCT_BUNDLE_IDENTIFIER = com.MGS.themoviedb;
				PRODUCT_NAME = "$(TARGET_NAME)";
				SWIFT_EMIT_LOC_STRINGS = YES;
				SWIFT_VERSION = 5.0;
				TARGETED_DEVICE_FAMILY = "1,2";
			};
			name = Debug;
		};
		953EA1202CCBF24600FD3498 /* Release */ = {
			isa = XCBuildConfiguration;
			buildSettings = {
				ASSETCATALOG_COMPILER_APPICON_NAME = AppIcon;
				ASSETCATALOG_COMPILER_GLOBAL_ACCENT_COLOR_NAME = AccentColor;
				CODE_SIGN_STYLE = Automatic;
				CURRENT_PROJECT_VERSION = 1;
				GENERATE_INFOPLIST_FILE = YES;
				INFOPLIST_FILE = themoviedb/Info.plist;
				INFOPLIST_KEY_UIApplicationSupportsIndirectInputEvents = YES;
				INFOPLIST_KEY_UILaunchStoryboardName = LaunchScreen;
				INFOPLIST_KEY_UIMainStoryboardFile = Main;
				INFOPLIST_KEY_UISupportedInterfaceOrientations_iPad = "UIInterfaceOrientationPortrait UIInterfaceOrientationPortraitUpsideDown UIInterfaceOrientationLandscapeLeft UIInterfaceOrientationLandscapeRight";
				INFOPLIST_KEY_UISupportedInterfaceOrientations_iPhone = "UIInterfaceOrientationPortrait UIInterfaceOrientationLandscapeLeft UIInterfaceOrientationLandscapeRight";
				LD_RUNPATH_SEARCH_PATHS = (
					"$(inherited)",
					"@executable_path/Frameworks",
				);
				MARKETING_VERSION = 1.0;
				PRODUCT_BUNDLE_IDENTIFIER = com.MGS.themoviedb;
				PRODUCT_NAME = "$(TARGET_NAME)";
				SWIFT_EMIT_LOC_STRINGS = YES;
				SWIFT_VERSION = 5.0;
				TARGETED_DEVICE_FAMILY = "1,2";
			};
			name = Release;
		};
		953EA1212CCBF24600FD3498 /* Debug */ = {
			isa = XCBuildConfiguration;
			buildSettings = {
				ALWAYS_SEARCH_USER_PATHS = NO;
				ASSETCATALOG_COMPILER_GENERATE_SWIFT_ASSET_SYMBOL_EXTENSIONS = YES;
				CLANG_ANALYZER_NONNULL = YES;
				CLANG_ANALYZER_NUMBER_OBJECT_CONVERSION = YES_AGGRESSIVE;
				CLANG_CXX_LANGUAGE_STANDARD = "gnu++20";
				CLANG_ENABLE_MODULES = YES;
				CLANG_ENABLE_OBJC_ARC = YES;
				CLANG_ENABLE_OBJC_WEAK = YES;
				CLANG_WARN_BLOCK_CAPTURE_AUTORELEASING = YES;
				CLANG_WARN_BOOL_CONVERSION = YES;
				CLANG_WARN_COMMA = YES;
				CLANG_WARN_CONSTANT_CONVERSION = YES;
				CLANG_WARN_DEPRECATED_OBJC_IMPLEMENTATIONS = YES;
				CLANG_WARN_DIRECT_OBJC_ISA_USAGE = YES_ERROR;
				CLANG_WARN_DOCUMENTATION_COMMENTS = YES;
				CLANG_WARN_EMPTY_BODY = YES;
				CLANG_WARN_ENUM_CONVERSION = YES;
				CLANG_WARN_INFINITE_RECURSION = YES;
				CLANG_WARN_INT_CONVERSION = YES;
				CLANG_WARN_NON_LITERAL_NULL_CONVERSION = YES;
				CLANG_WARN_OBJC_IMPLICIT_RETAIN_SELF = YES;
				CLANG_WARN_OBJC_LITERAL_CONVERSION = YES;
				CLANG_WARN_OBJC_ROOT_CLASS = YES_ERROR;
				CLANG_WARN_QUOTED_INCLUDE_IN_FRAMEWORK_HEADER = YES;
				CLANG_WARN_RANGE_LOOP_ANALYSIS = YES;
				CLANG_WARN_STRICT_PROTOTYPES = YES;
				CLANG_WARN_SUSPICIOUS_MOVE = YES;
				CLANG_WARN_UNGUARDED_AVAILABILITY = YES_AGGRESSIVE;
				CLANG_WARN_UNREACHABLE_CODE = YES;
				CLANG_WARN__DUPLICATE_METHOD_MATCH = YES;
				COPY_PHASE_STRIP = NO;
				DEBUG_INFORMATION_FORMAT = dwarf;
				ENABLE_STRICT_OBJC_MSGSEND = YES;
				ENABLE_TESTABILITY = YES;
				ENABLE_USER_SCRIPT_SANDBOXING = YES;
				GCC_C_LANGUAGE_STANDARD = gnu17;
				GCC_DYNAMIC_NO_PIC = NO;
				GCC_NO_COMMON_BLOCKS = YES;
				GCC_OPTIMIZATION_LEVEL = 0;
				GCC_PREPROCESSOR_DEFINITIONS = (
					"DEBUG=1",
					"$(inherited)",
				);
				GCC_WARN_64_TO_32_BIT_CONVERSION = YES;
				GCC_WARN_ABOUT_RETURN_TYPE = YES_ERROR;
				GCC_WARN_UNDECLARED_SELECTOR = YES;
				GCC_WARN_UNINITIALIZED_AUTOS = YES_AGGRESSIVE;
				GCC_WARN_UNUSED_FUNCTION = YES;
				GCC_WARN_UNUSED_VARIABLE = YES;
				IPHONEOS_DEPLOYMENT_TARGET = 14.0;
				LOCALIZATION_PREFERS_STRING_CATALOGS = YES;
				MTL_ENABLE_DEBUG_INFO = INCLUDE_SOURCE;
				MTL_FAST_MATH = YES;
				ONLY_ACTIVE_ARCH = YES;
				SDKROOT = iphoneos;
				SWIFT_ACTIVE_COMPILATION_CONDITIONS = "DEBUG $(inherited)";
				SWIFT_OPTIMIZATION_LEVEL = "-Onone";
			};
			name = Debug;
		};
		953EA1222CCBF24600FD3498 /* Release */ = {
			isa = XCBuildConfiguration;
			buildSettings = {
				ALWAYS_SEARCH_USER_PATHS = NO;
				ASSETCATALOG_COMPILER_GENERATE_SWIFT_ASSET_SYMBOL_EXTENSIONS = YES;
				CLANG_ANALYZER_NONNULL = YES;
				CLANG_ANALYZER_NUMBER_OBJECT_CONVERSION = YES_AGGRESSIVE;
				CLANG_CXX_LANGUAGE_STANDARD = "gnu++20";
				CLANG_ENABLE_MODULES = YES;
				CLANG_ENABLE_OBJC_ARC = YES;
				CLANG_ENABLE_OBJC_WEAK = YES;
				CLANG_WARN_BLOCK_CAPTURE_AUTORELEASING = YES;
				CLANG_WARN_BOOL_CONVERSION = YES;
				CLANG_WARN_COMMA = YES;
				CLANG_WARN_CONSTANT_CONVERSION = YES;
				CLANG_WARN_DEPRECATED_OBJC_IMPLEMENTATIONS = YES;
				CLANG_WARN_DIRECT_OBJC_ISA_USAGE = YES_ERROR;
				CLANG_WARN_DOCUMENTATION_COMMENTS = YES;
				CLANG_WARN_EMPTY_BODY = YES;
				CLANG_WARN_ENUM_CONVERSION = YES;
				CLANG_WARN_INFINITE_RECURSION = YES;
				CLANG_WARN_INT_CONVERSION = YES;
				CLANG_WARN_NON_LITERAL_NULL_CONVERSION = YES;
				CLANG_WARN_OBJC_IMPLICIT_RETAIN_SELF = YES;
				CLANG_WARN_OBJC_LITERAL_CONVERSION = YES;
				CLANG_WARN_OBJC_ROOT_CLASS = YES_ERROR;
				CLANG_WARN_QUOTED_INCLUDE_IN_FRAMEWORK_HEADER = YES;
				CLANG_WARN_RANGE_LOOP_ANALYSIS = YES;
				CLANG_WARN_STRICT_PROTOTYPES = YES;
				CLANG_WARN_SUSPICIOUS_MOVE = YES;
				CLANG_WARN_UNGUARDED_AVAILABILITY = YES_AGGRESSIVE;
				CLANG_WARN_UNREACHABLE_CODE = YES;
				CLANG_WARN__DUPLICATE_METHOD_MATCH = YES;
				COPY_PHASE_STRIP = NO;
				DEBUG_INFORMATION_FORMAT = "dwarf-with-dsym";
				ENABLE_NS_ASSERTIONS = NO;
				ENABLE_STRICT_OBJC_MSGSEND = YES;
				ENABLE_USER_SCRIPT_SANDBOXING = YES;
				GCC_C_LANGUAGE_STANDARD = gnu17;
				GCC_NO_COMMON_BLOCKS = YES;
				GCC_WARN_64_TO_32_BIT_CONVERSION = YES;
				GCC_WARN_ABOUT_RETURN_TYPE = YES_ERROR;
				GCC_WARN_UNDECLARED_SELECTOR = YES;
				GCC_WARN_UNINITIALIZED_AUTOS = YES_AGGRESSIVE;
				GCC_WARN_UNUSED_FUNCTION = YES;
				GCC_WARN_UNUSED_VARIABLE = YES;
				IPHONEOS_DEPLOYMENT_TARGET = 14.0;
				LOCALIZATION_PREFERS_STRING_CATALOGS = YES;
				MTL_ENABLE_DEBUG_INFO = NO;
				MTL_FAST_MATH = YES;
				SDKROOT = iphoneos;
				SWIFT_COMPILATION_MODE = wholemodule;
				VALIDATE_PRODUCT = YES;
			};
			name = Release;
		};
		953EA1242CCBF24600FD3498 /* Debug */ = {
			isa = XCBuildConfiguration;
			buildSettings = {
				BUNDLE_LOADER = "$(TEST_HOST)";
				CODE_SIGN_STYLE = Automatic;
				CURRENT_PROJECT_VERSION = 1;
				GENERATE_INFOPLIST_FILE = YES;
				IPHONEOS_DEPLOYMENT_TARGET = 18.0;
				MARKETING_VERSION = 1.0;
				PRODUCT_BUNDLE_IDENTIFIER = com.MGS.themoviedbTests;
				PRODUCT_NAME = "$(TARGET_NAME)";
				SWIFT_EMIT_LOC_STRINGS = NO;
				SWIFT_VERSION = 5.0;
				TARGETED_DEVICE_FAMILY = "1,2";
				TEST_HOST = "$(BUILT_PRODUCTS_DIR)/themoviedb.app/$(BUNDLE_EXECUTABLE_FOLDER_PATH)/themoviedb";
			};
			name = Debug;
		};
		953EA1252CCBF24600FD3498 /* Release */ = {
			isa = XCBuildConfiguration;
			buildSettings = {
				BUNDLE_LOADER = "$(TEST_HOST)";
				CODE_SIGN_STYLE = Automatic;
				CURRENT_PROJECT_VERSION = 1;
				GENERATE_INFOPLIST_FILE = YES;
				IPHONEOS_DEPLOYMENT_TARGET = 18.0;
				MARKETING_VERSION = 1.0;
				PRODUCT_BUNDLE_IDENTIFIER = com.MGS.themoviedbTests;
				PRODUCT_NAME = "$(TARGET_NAME)";
				SWIFT_EMIT_LOC_STRINGS = NO;
				SWIFT_VERSION = 5.0;
				TARGETED_DEVICE_FAMILY = "1,2";
				TEST_HOST = "$(BUILT_PRODUCTS_DIR)/themoviedb.app/$(BUNDLE_EXECUTABLE_FOLDER_PATH)/themoviedb";
			};
			name = Release;
		};
		953EA1272CCBF24600FD3498 /* Debug */ = {
			isa = XCBuildConfiguration;
			buildSettings = {
				CODE_SIGN_STYLE = Automatic;
				CURRENT_PROJECT_VERSION = 1;
				GENERATE_INFOPLIST_FILE = YES;
				MARKETING_VERSION = 1.0;
				PRODUCT_BUNDLE_IDENTIFIER = com.MGS.themoviedbUITests;
				PRODUCT_NAME = "$(TARGET_NAME)";
				SWIFT_EMIT_LOC_STRINGS = NO;
				SWIFT_VERSION = 5.0;
				TARGETED_DEVICE_FAMILY = "1,2";
				TEST_TARGET_NAME = themoviedb;
			};
			name = Debug;
		};
		953EA1282CCBF24600FD3498 /* Release */ = {
			isa = XCBuildConfiguration;
			buildSettings = {
				CODE_SIGN_STYLE = Automatic;
				CURRENT_PROJECT_VERSION = 1;
				GENERATE_INFOPLIST_FILE = YES;
				MARKETING_VERSION = 1.0;
				PRODUCT_BUNDLE_IDENTIFIER = com.MGS.themoviedbUITests;
				PRODUCT_NAME = "$(TARGET_NAME)";
				SWIFT_EMIT_LOC_STRINGS = NO;
				SWIFT_VERSION = 5.0;
				TARGETED_DEVICE_FAMILY = "1,2";
				TEST_TARGET_NAME = themoviedb;
			};
			name = Release;
		};
/* End XCBuildConfiguration section */

/* Begin XCConfigurationList section */
		953EA0F02CCBF24400FD3498 /* Build configuration list for PBXProject "themoviedb" */ = {
			isa = XCConfigurationList;
			buildConfigurations = (
				953EA1212CCBF24600FD3498 /* Debug */,
				953EA1222CCBF24600FD3498 /* Release */,
			);
			defaultConfigurationIsVisible = 0;
			defaultConfigurationName = Release;
		};
		953EA11E2CCBF24600FD3498 /* Build configuration list for PBXNativeTarget "themoviedb" */ = {
			isa = XCConfigurationList;
			buildConfigurations = (
				953EA11F2CCBF24600FD3498 /* Debug */,
				953EA1202CCBF24600FD3498 /* Release */,
			);
			defaultConfigurationIsVisible = 0;
			defaultConfigurationName = Release;
		};
		953EA1232CCBF24600FD3498 /* Build configuration list for PBXNativeTarget "themoviedbTests" */ = {
			isa = XCConfigurationList;
			buildConfigurations = (
				953EA1242CCBF24600FD3498 /* Debug */,
				953EA1252CCBF24600FD3498 /* Release */,
			);
			defaultConfigurationIsVisible = 0;
			defaultConfigurationName = Release;
		};
		953EA1262CCBF24600FD3498 /* Build configuration list for PBXNativeTarget "themoviedbUITests" */ = {
			isa = XCConfigurationList;
			buildConfigurations = (
				953EA1272CCBF24600FD3498 /* Debug */,
				953EA1282CCBF24600FD3498 /* Release */,
			);
			defaultConfigurationIsVisible = 0;
			defaultConfigurationName = Release;
		};
/* End XCConfigurationList section */
	};
	rootObject = 953EA0ED2CCBF24400FD3498 /* Project object */;
}
